// !$*UTF8*$!
{
	archiveVersion = 1;
	classes = {
	};
	objectVersion = 56;
	objects = {

/* Begin PBXBuildFile section */
		EC6D801129C3C38900A6275C /* LittleLemonApp.swift in Sources */ = {isa = PBXBuildFile; fileRef = EC6D801029C3C38900A6275C /* LittleLemonApp.swift */; };
		EC6D801529C3C38A00A6275C /* Assets.xcassets in Resources */ = {isa = PBXBuildFile; fileRef = EC6D801429C3C38A00A6275C /* Assets.xcassets */; };
		EC6D801829C3C38A00A6275C /* Preview Assets.xcassets in Resources */ = {isa = PBXBuildFile; fileRef = EC6D801729C3C38A00A6275C /* Preview Assets.xcassets */; };
		ECB9DA3529CE4A94009F997C /* DetailItem.swift in Sources */ = {isa = PBXBuildFile; fileRef = ECB9DA3429CE4A94009F997C /* DetailItem.swift */; };
		ECB9DA3829CF91A8009F997C /* ViewModel.swift in Sources */ = {isa = PBXBuildFile; fileRef = ECB9DA3729CF91A8009F997C /* ViewModel.swift */; };
		ECC2189329C643A600F25EE2 /* Onboarding.swift in Sources */ = {isa = PBXBuildFile; fileRef = ECC2189229C643A600F25EE2 /* Onboarding.swift */; };
		ECC2189529C64E8100F25EE2 /* Styles.swift in Sources */ = {isa = PBXBuildFile; fileRef = ECC2189429C64E8100F25EE2 /* Styles.swift */; };
		ECC2189729C65B1100F25EE2 /* Menu.swift in Sources */ = {isa = PBXBuildFile; fileRef = ECC2189629C65B1100F25EE2 /* Menu.swift */; };
		ECC2189929C7959100F25EE2 /* Home.swift in Sources */ = {isa = PBXBuildFile; fileRef = ECC2189829C7959100F25EE2 /* Home.swift */; };
		ECC2189D29C7A48900F25EE2 /* UserProfile.swift in Sources */ = {isa = PBXBuildFile; fileRef = ECC2189C29C7A48900F25EE2 /* UserProfile.swift */; };
		ECC218A329C7B7B200F25EE2 /* Hero.swift in Sources */ = {isa = PBXBuildFile; fileRef = ECC218A229C7B7B200F25EE2 /* Hero.swift */; };
		ECC218A529C7B84F00F25EE2 /* Header.swift in Sources */ = {isa = PBXBuildFile; fileRef = ECC218A429C7B84F00F25EE2 /* Header.swift */; };
		ECC218A729CA498900F25EE2 /* FoodItem.swift in Sources */ = {isa = PBXBuildFile; fileRef = ECC218A629CA498900F25EE2 /* FoodItem.swift */; };
		ECC218A929CA52DB00F25EE2 /* MenuItem.swift in Sources */ = {isa = PBXBuildFile; fileRef = ECC218A829CA52DB00F25EE2 /* MenuItem.swift */; };
		ECC218AB29CA53DE00F25EE2 /* MainScreen.swift in Sources */ = {isa = PBXBuildFile; fileRef = ECC218AA29CA53DE00F25EE2 /* MainScreen.swift */; };
		ECDA126629CB762500E4BDCB /* FetchedObjects.swift in Sources */ = {isa = PBXBuildFile; fileRef = ECDA126429CB762500E4BDCB /* FetchedObjects.swift */; };
		ECDA126729CB762500E4BDCB /* Persistence.swift in Sources */ = {isa = PBXBuildFile; fileRef = ECDA126529CB762500E4BDCB /* Persistence.swift */; };
		ECDA126929CB77D400E4BDCB /* MenuList.swift in Sources */ = {isa = PBXBuildFile; fileRef = ECDA126829CB77D400E4BDCB /* MenuList.swift */; };
		ECDA126C29CB8C2D00E4BDCB /* ExampleDatabase.xcdatamodeld in Sources */ = {isa = PBXBuildFile; fileRef = ECDA126A29CB8C2D00E4BDCB /* ExampleDatabase.xcdatamodeld */; };
/* End PBXBuildFile section */

/* Begin PBXFileReference section */
		EC6D800D29C3C38900A6275C /* LittleLemonApp.app */ = {isa = PBXFileReference; explicitFileType = wrapper.application; includeInIndex = 0; path = LittleLemonApp.app; sourceTree = BUILT_PRODUCTS_DIR; };
		EC6D801029C3C38900A6275C /* LittleLemonApp.swift */ = {isa = PBXFileReference; lastKnownFileType = sourcecode.swift; path = LittleLemonApp.swift; sourceTree = "<group>"; };
		EC6D801429C3C38A00A6275C /* Assets.xcassets */ = {isa = PBXFileReference; lastKnownFileType = folder.assetcatalog; path = Assets.xcassets; sourceTree = "<group>"; };
		EC6D801729C3C38A00A6275C /* Preview Assets.xcassets */ = {isa = PBXFileReference; lastKnownFileType = folder.assetcatalog; path = "Preview Assets.xcassets"; sourceTree = "<group>"; };
		ECB9DA3429CE4A94009F997C /* DetailItem.swift */ = {isa = PBXFileReference; lastKnownFileType = sourcecode.swift; path = DetailItem.swift; sourceTree = "<group>"; };
		ECB9DA3729CF91A8009F997C /* ViewModel.swift */ = {isa = PBXFileReference; lastKnownFileType = sourcecode.swift; path = ViewModel.swift; sourceTree = "<group>"; };
		ECC2189229C643A600F25EE2 /* Onboarding.swift */ = {isa = PBXFileReference; lastKnownFileType = sourcecode.swift; path = Onboarding.swift; sourceTree = "<group>"; };
		ECC2189429C64E8100F25EE2 /* Styles.swift */ = {isa = PBXFileReference; lastKnownFileType = sourcecode.swift; path = Styles.swift; sourceTree = "<group>"; };
		ECC2189629C65B1100F25EE2 /* Menu.swift */ = {isa = PBXFileReference; lastKnownFileType = sourcecode.swift; path = Menu.swift; sourceTree = "<group>"; };
		ECC2189829C7959100F25EE2 /* Home.swift */ = {isa = PBXFileReference; lastKnownFileType = sourcecode.swift; path = Home.swift; sourceTree = "<group>"; };
		ECC2189C29C7A48900F25EE2 /* UserProfile.swift */ = {isa = PBXFileReference; lastKnownFileType = sourcecode.swift; path = UserProfile.swift; sourceTree = "<group>"; };
		ECC218A229C7B7B200F25EE2 /* Hero.swift */ = {isa = PBXFileReference; lastKnownFileType = sourcecode.swift; path = Hero.swift; sourceTree = "<group>"; };
		ECC218A429C7B84F00F25EE2 /* Header.swift */ = {isa = PBXFileReference; lastKnownFileType = sourcecode.swift; path = Header.swift; sourceTree = "<group>"; };
		ECC218A629CA498900F25EE2 /* FoodItem.swift */ = {isa = PBXFileReference; lastKnownFileType = sourcecode.swift; path = FoodItem.swift; sourceTree = "<group>"; };
		ECC218A829CA52DB00F25EE2 /* MenuItem.swift */ = {isa = PBXFileReference; lastKnownFileType = sourcecode.swift; path = MenuItem.swift; sourceTree = "<group>"; };
		ECC218AA29CA53DE00F25EE2 /* MainScreen.swift */ = {isa = PBXFileReference; lastKnownFileType = sourcecode.swift; path = MainScreen.swift; sourceTree = "<group>"; };
		ECDA126429CB762500E4BDCB /* FetchedObjects.swift */ = {isa = PBXFileReference; fileEncoding = 4; lastKnownFileType = sourcecode.swift; path = FetchedObjects.swift; sourceTree = "<group>"; };
		ECDA126529CB762500E4BDCB /* Persistence.swift */ = {isa = PBXFileReference; fileEncoding = 4; lastKnownFileType = sourcecode.swift; path = Persistence.swift; sourceTree = "<group>"; };
		ECDA126829CB77D400E4BDCB /* MenuList.swift */ = {isa = PBXFileReference; lastKnownFileType = sourcecode.swift; path = MenuList.swift; sourceTree = "<group>"; };
		ECDA126B29CB8C2D00E4BDCB /* ExampleDatabase.xcdatamodel */ = {isa = PBXFileReference; lastKnownFileType = wrapper.xcdatamodel; path = ExampleDatabase.xcdatamodel; sourceTree = "<group>"; };
/* End PBXFileReference section */

/* Begin PBXFrameworksBuildPhase section */
		EC6D800A29C3C38900A6275C /* Frameworks */ = {
			isa = PBXFrameworksBuildPhase;
			buildActionMask = 2147483647;
			files = (
			);
			runOnlyForDeploymentPostprocessing = 0;
		};
/* End PBXFrameworksBuildPhase section */

/* Begin PBXGroup section */
		EC6D800429C3C38900A6275C = {
			isa = PBXGroup;
			children = (
				EC6D800F29C3C38900A6275C /* LittleLemonApp */,
				EC6D800E29C3C38900A6275C /* Products */,
			);
			sourceTree = "<group>";
		};
		EC6D800E29C3C38900A6275C /* Products */ = {
			isa = PBXGroup;
			children = (
				EC6D800D29C3C38900A6275C /* LittleLemonApp.app */,
			);
			name = Products;
			sourceTree = "<group>";
		};
		EC6D800F29C3C38900A6275C /* LittleLemonApp */ = {
			isa = PBXGroup;
			children = (
				ECC2189429C64E8100F25EE2 /* Styles.swift */,
				ECB9DA3329CCF106009F997C /* CoreData */,
				ECB9DA3229CCF0F8009F997C /* Models */,
				ECC2189129C6437C00F25EE2 /* Views */,
				ECB9DA3629CF9185009F997C /* ViewModels */,
				EC6D801029C3C38900A6275C /* LittleLemonApp.swift */,
				EC6D801429C3C38A00A6275C /* Assets.xcassets */,
				EC6D801629C3C38A00A6275C /* Preview Content */,
			);
			path = LittleLemonApp;
			sourceTree = "<group>";
		};
		EC6D801629C3C38A00A6275C /* Preview Content */ = {
			isa = PBXGroup;
			children = (
				EC6D801729C3C38A00A6275C /* Preview Assets.xcassets */,
			);
			path = "Preview Content";
			sourceTree = "<group>";
		};
		ECB9DA3229CCF0F8009F997C /* Models */ = {
			isa = PBXGroup;
			children = (
				ECC218A829CA52DB00F25EE2 /* MenuItem.swift */,
				ECDA126829CB77D400E4BDCB /* MenuList.swift */,
			);
			path = Models;
			sourceTree = "<group>";
		};
		ECB9DA3329CCF106009F997C /* CoreData */ = {
			isa = PBXGroup;
			children = (
				ECDA126429CB762500E4BDCB /* FetchedObjects.swift */,
				ECDA126529CB762500E4BDCB /* Persistence.swift */,
				ECDA126A29CB8C2D00E4BDCB /* ExampleDatabase.xcdatamodeld */,
			);
			path = CoreData;
			sourceTree = "<group>";
		};
		ECB9DA3629CF9185009F997C /* ViewModels */ = {
			isa = PBXGroup;
			children = (
				ECB9DA3729CF91A8009F997C /* ViewModel.swift */,
			);
			path = ViewModels;
			sourceTree = "<group>";
		};
		ECC2189129C6437C00F25EE2 /* Views */ = {
			isa = PBXGroup;
			children = (
				ECC2189229C643A600F25EE2 /* Onboarding.swift */,
				ECC2189629C65B1100F25EE2 /* Menu.swift */,
				ECC2189829C7959100F25EE2 /* Home.swift */,
				ECC2189C29C7A48900F25EE2 /* UserProfile.swift */,
				ECC218A229C7B7B200F25EE2 /* Hero.swift */,
				ECC218A429C7B84F00F25EE2 /* Header.swift */,
				ECC218A629CA498900F25EE2 /* FoodItem.swift */,
				ECC218AA29CA53DE00F25EE2 /* MainScreen.swift */,
				ECB9DA3429CE4A94009F997C /* DetailItem.swift */,
			);
			path = Views;
			sourceTree = "<group>";
		};
/* End PBXGroup section */

/* Begin PBXNativeTarget section */
		EC6D800C29C3C38900A6275C /* LittleLemonApp */ = {
			isa = PBXNativeTarget;
			buildConfigurationList = EC6D801B29C3C38A00A6275C /* Build configuration list for PBXNativeTarget "LittleLemonApp" */;
			buildPhases = (
				EC6D800929C3C38900A6275C /* Sources */,
				EC6D800A29C3C38900A6275C /* Frameworks */,
				EC6D800B29C3C38900A6275C /* Resources */,
			);
			buildRules = (
			);
			dependencies = (
			);
			name = LittleLemonApp;
			productName = LittleLemonApp;
			productReference = EC6D800D29C3C38900A6275C /* LittleLemonApp.app */;
			productType = "com.apple.product-type.application";
		};
/* End PBXNativeTarget section */

/* Begin PBXProject section */
		EC6D800529C3C38900A6275C /* Project object */ = {
			isa = PBXProject;
			attributes = {
				BuildIndependentTargetsInParallel = 1;
				LastSwiftUpdateCheck = 1420;
				LastUpgradeCheck = 1420;
				TargetAttributes = {
					EC6D800C29C3C38900A6275C = {
						CreatedOnToolsVersion = 14.2;
					};
				};
			};
			buildConfigurationList = EC6D800829C3C38900A6275C /* Build configuration list for PBXProject "LittleLemonApp" */;
			compatibilityVersion = "Xcode 14.0";
			developmentRegion = en;
			hasScannedForEncodings = 0;
			knownRegions = (
				en,
				Base,
			);
			mainGroup = EC6D800429C3C38900A6275C;
			productRefGroup = EC6D800E29C3C38900A6275C /* Products */;
			projectDirPath = "";
			projectRoot = "";
			targets = (
				EC6D800C29C3C38900A6275C /* LittleLemonApp */,
			);
		};
/* End PBXProject section */

/* Begin PBXResourcesBuildPhase section */
		EC6D800B29C3C38900A6275C /* Resources */ = {
			isa = PBXResourcesBuildPhase;
			buildActionMask = 2147483647;
			files = (
				EC6D801829C3C38A00A6275C /* Preview Assets.xcassets in Resources */,
				EC6D801529C3C38A00A6275C /* Assets.xcassets in Resources */,
			);
			runOnlyForDeploymentPostprocessing = 0;
		};
/* End PBXResourcesBuildPhase section */

/* Begin PBXSourcesBuildPhase section */
		EC6D800929C3C38900A6275C /* Sources */ = {
			isa = PBXSourcesBuildPhase;
			buildActionMask = 2147483647;
			files = (
				ECDA126C29CB8C2D00E4BDCB /* ExampleDatabase.xcdatamodeld in Sources */,
				ECC2189529C64E8100F25EE2 /* Styles.swift in Sources */,
				ECC2189329C643A600F25EE2 /* Onboarding.swift in Sources */,
				ECC218A329C7B7B200F25EE2 /* Hero.swift in Sources */,
				ECB9DA3829CF91A8009F997C /* ViewModel.swift in Sources */,
				ECC218AB29CA53DE00F25EE2 /* MainScreen.swift in Sources */,
				ECC218A529C7B84F00F25EE2 /* Header.swift in Sources */,
				ECC218A729CA498900F25EE2 /* FoodItem.swift in Sources */,
				ECDA126929CB77D400E4BDCB /* MenuList.swift in Sources */,
				ECC2189D29C7A48900F25EE2 /* UserProfile.swift in Sources */,
				ECDA126729CB762500E4BDCB /* Persistence.swift in Sources */,
				ECC2189929C7959100F25EE2 /* Home.swift in Sources */,
				ECDA126629CB762500E4BDCB /* FetchedObjects.swift in Sources */,
				EC6D801129C3C38900A6275C /* LittleLemonApp.swift in Sources */,
				ECB9DA3529CE4A94009F997C /* DetailItem.swift in Sources */,
				ECC2189729C65B1100F25EE2 /* Menu.swift in Sources */,
				ECC218A929CA52DB00F25EE2 /* MenuItem.swift in Sources */,
			);
			runOnlyForDeploymentPostprocessing = 0;
		};
/* End PBXSourcesBuildPhase section */

/* Begin XCBuildConfiguration section */
		EC6D801929C3C38A00A6275C /* Debug */ = {
			isa = XCBuildConfiguration;
			buildSettings = {
				ALWAYS_SEARCH_USER_PATHS = NO;
				CLANG_ANALYZER_NONNULL = YES;
				CLANG_ANALYZER_NUMBER_OBJECT_CONVERSION = YES_AGGRESSIVE;
				CLANG_CXX_LANGUAGE_STANDARD = "gnu++20";
				CLANG_ENABLE_MODULES = YES;
				CLANG_ENABLE_OBJC_ARC = YES;
				CLANG_ENABLE_OBJC_WEAK = YES;
				CLANG_WARN_BLOCK_CAPTURE_AUTORELEASING = YES;
				CLANG_WARN_BOOL_CONVERSION = YES;
				CLANG_WARN_COMMA = YES;
				CLANG_WARN_CONSTANT_CONVERSION = YES;
				CLANG_WARN_DEPRECATED_OBJC_IMPLEMENTATIONS = YES;
				CLANG_WARN_DIRECT_OBJC_ISA_USAGE = YES_ERROR;
				CLANG_WARN_DOCUMENTATION_COMMENTS = YES;
				CLANG_WARN_EMPTY_BODY = YES;
				CLANG_WARN_ENUM_CONVERSION = YES;
				CLANG_WARN_INFINITE_RECURSION = YES;
				CLANG_WARN_INT_CONVERSION = YES;
				CLANG_WARN_NON_LITERAL_NULL_CONVERSION = YES;
				CLANG_WARN_OBJC_IMPLICIT_RETAIN_SELF = YES;
				CLANG_WARN_OBJC_LITERAL_CONVERSION = YES;
				CLANG_WARN_OBJC_ROOT_CLASS = YES_ERROR;
				CLANG_WARN_QUOTED_INCLUDE_IN_FRAMEWORK_HEADER = YES;
				CLANG_WARN_RANGE_LOOP_ANALYSIS = YES;
				CLANG_WARN_STRICT_PROTOTYPES = YES;
				CLANG_WARN_SUSPICIOUS_MOVE = YES;
				CLANG_WARN_UNGUARDED_AVAILABILITY = YES_AGGRESSIVE;
				CLANG_WARN_UNREACHABLE_CODE = YES;
				CLANG_WARN__DUPLICATE_METHOD_MATCH = YES;
				COPY_PHASE_STRIP = NO;
				DEBUG_INFORMATION_FORMAT = dwarf;
				ENABLE_STRICT_OBJC_MSGSEND = YES;
				ENABLE_TESTABILITY = YES;
				GCC_C_LANGUAGE_STANDARD = gnu11;
				GCC_DYNAMIC_NO_PIC = NO;
				GCC_NO_COMMON_BLOCKS = YES;
				GCC_OPTIMIZATION_LEVEL = 0;
				GCC_PREPROCESSOR_DEFINITIONS = (
					"DEBUG=1",
					"$(inherited)",
				);
				GCC_WARN_64_TO_32_BIT_CONVERSION = YES;
				GCC_WARN_ABOUT_RETURN_TYPE = YES_ERROR;
				GCC_WARN_UNDECLARED_SELECTOR = YES;
				GCC_WARN_UNINITIALIZED_AUTOS = YES_AGGRESSIVE;
				GCC_WARN_UNUSED_FUNCTION = YES;
				GCC_WARN_UNUSED_VARIABLE = YES;
				IPHONEOS_DEPLOYMENT_TARGET = 16.2;
				MTL_ENABLE_DEBUG_INFO = INCLUDE_SOURCE;
				MTL_FAST_MATH = YES;
				ONLY_ACTIVE_ARCH = YES;
				SDKROOT = iphoneos;
				SWIFT_ACTIVE_COMPILATION_CONDITIONS = DEBUG;
				SWIFT_OPTIMIZATION_LEVEL = "-Onone";
			};
			name = Debug;
		};
		EC6D801A29C3C38A00A6275C /* Release */ = {
			isa = XCBuildConfiguration;
			buildSettings = {
				ALWAYS_SEARCH_USER_PATHS = NO;
				CLANG_ANALYZER_NONNULL = YES;
				CLANG_ANALYZER_NUMBER_OBJECT_CONVERSION = YES_AGGRESSIVE;
				CLANG_CXX_LANGUAGE_STANDARD = "gnu++20";
				CLANG_ENABLE_MODULES = YES;
				CLANG_ENABLE_OBJC_ARC = YES;
				CLANG_ENABLE_OBJC_WEAK = YES;
				CLANG_WARN_BLOCK_CAPTURE_AUTORELEASING = YES;
				CLANG_WARN_BOOL_CONVERSION = YES;
				CLANG_WARN_COMMA = YES;
				CLANG_WARN_CONSTANT_CONVERSION = YES;
				CLANG_WARN_DEPRECATED_OBJC_IMPLEMENTATIONS = YES;
				CLANG_WARN_DIRECT_OBJC_ISA_USAGE = YES_ERROR;
				CLANG_WARN_DOCUMENTATION_COMMENTS = YES;
				CLANG_WARN_EMPTY_BODY = YES;
				CLANG_WARN_ENUM_CONVERSION = YES;
				CLANG_WARN_INFINITE_RECURSION = YES;
				CLANG_WARN_INT_CONVERSION = YES;
				CLANG_WARN_NON_LITERAL_NULL_CONVERSION = YES;
				CLANG_WARN_OBJC_IMPLICIT_RETAIN_SELF = YES;
				CLANG_WARN_OBJC_LITERAL_CONVERSION = YES;
				CLANG_WARN_OBJC_ROOT_CLASS = YES_ERROR;
				CLANG_WARN_QUOTED_INCLUDE_IN_FRAMEWORK_HEADER = YES;
				CLANG_WARN_RANGE_LOOP_ANALYSIS = YES;
				CLANG_WARN_STRICT_PROTOTYPES = YES;
				CLANG_WARN_SUSPICIOUS_MOVE = YES;
				CLANG_WARN_UNGUARDED_AVAILABILITY = YES_AGGRESSIVE;
				CLANG_WARN_UNREACHABLE_CODE = YES;
				CLANG_WARN__DUPLICATE_METHOD_MATCH = YES;
				COPY_PHASE_STRIP = NO;
				DEBUG_INFORMATION_FORMAT = "dwarf-with-dsym";
				ENABLE_NS_ASSERTIONS = NO;
				ENABLE_STRICT_OBJC_MSGSEND = YES;
				GCC_C_LANGUAGE_STANDARD = gnu11;
				GCC_NO_COMMON_BLOCKS = YES;
				GCC_WARN_64_TO_32_BIT_CONVERSION = YES;
				GCC_WARN_ABOUT_RETURN_TYPE = YES_ERROR;
				GCC_WARN_UNDECLARED_SELECTOR = YES;
				GCC_WARN_UNINITIALIZED_AUTOS = YES_AGGRESSIVE;
				GCC_WARN_UNUSED_FUNCTION = YES;
				GCC_WARN_UNUSED_VARIABLE = YES;
				IPHONEOS_DEPLOYMENT_TARGET = 16.2;
				MTL_ENABLE_DEBUG_INFO = NO;
				MTL_FAST_MATH = YES;
				SDKROOT = iphoneos;
				SWIFT_COMPILATION_MODE = wholemodule;
				SWIFT_OPTIMIZATION_LEVEL = "-O";
				VALIDATE_PRODUCT = YES;
			};
			name = Release;
		};
		EC6D801C29C3C38A00A6275C /* Debug */ = {
			isa = XCBuildConfiguration;
			buildSettings = {
				ASSETCATALOG_COMPILER_APPICON_NAME = AppIcon;
				ASSETCATALOG_COMPILER_GLOBAL_ACCENT_COLOR_NAME = AccentColor;
				CODE_SIGN_STYLE = Automatic;
				CURRENT_PROJECT_VERSION = 1;
				DEVELOPMENT_ASSET_PATHS = "\"LittleLemonApp/Preview Content\"";
				DEVELOPMENT_TEAM = K3GPQDGVF5;
				ENABLE_PREVIEWS = YES;
				GENERATE_INFOPLIST_FILE = YES;
				INFOPLIST_KEY_UIApplicationSceneManifest_Generation = YES;
				INFOPLIST_KEY_UIApplicationSupportsIndirectInputEvents = YES;
				INFOPLIST_KEY_UILaunchScreen_Generation = YES;
				INFOPLIST_KEY_UISupportedInterfaceOrientations_iPad = "UIInterfaceOrientationPortrait UIInterfaceOrientationPortraitUpsideDown UIInterfaceOrientationLandscapeLeft UIInterfaceOrientationLandscapeRight";
				INFOPLIST_KEY_UISupportedInterfaceOrientations_iPhone = "UIInterfaceOrientationPortrait UIInterfaceOrientationLandscapeLeft UIInterfaceOrientationLandscapeRight";
				LD_RUNPATH_SEARCH_PATHS = (
					"$(inherited)",
					"@executable_path/Frameworks",
				);
				MARKETING_VERSION = 1.0;
				PRODUCT_BUNDLE_IDENTIFIER = "e-vakker.LittleLemonApp";
				PRODUCT_NAME = "$(TARGET_NAME)";
				SWIFT_EMIT_LOC_STRINGS = YES;
				SWIFT_VERSION = 5.0;
				TARGETED_DEVICE_FAMILY = "1,2";
			};
			name = Debug;
		};
		EC6D801D29C3C38A00A6275C /* Release */ = {
			isa = XCBuildConfiguration;
			buildSettings = {
				ASSETCATALOG_COMPILER_APPICON_NAME = AppIcon;
				ASSETCATALOG_COMPILER_GLOBAL_ACCENT_COLOR_NAME = AccentColor;
				CODE_SIGN_STYLE = Automatic;
				CURRENT_PROJECT_VERSION = 1;
				DEVELOPMENT_ASSET_PATHS = "\"LittleLemonApp/Preview Content\"";
				DEVELOPMENT_TEAM = K3GPQDGVF5;
				ENABLE_PREVIEWS = YES;
				GENERATE_INFOPLIST_FILE = YES;
				INFOPLIST_KEY_UIApplicationSceneManifest_Generation = YES;
				INFOPLIST_KEY_UIApplicationSupportsIndirectInputEvents = YES;
				INFOPLIST_KEY_UILaunchScreen_Generation = YES;
				INFOPLIST_KEY_UISupportedInterfaceOrientations_iPad = "UIInterfaceOrientationPortrait UIInterfaceOrientationPortraitUpsideDown UIInterfaceOrientationLandscapeLeft UIInterfaceOrientationLandscapeRight";
				INFOPLIST_KEY_UISupportedInterfaceOrientations_iPhone = "UIInterfaceOrientationPortrait UIInterfaceOrientationLandscapeLeft UIInterfaceOrientationLandscapeRight";
				LD_RUNPATH_SEARCH_PATHS = (
					"$(inherited)",
					"@executable_path/Frameworks",
				);
				MARKETING_VERSION = 1.0;
				PRODUCT_BUNDLE_IDENTIFIER = "e-vakker.LittleLemonApp";
				PRODUCT_NAME = "$(TARGET_NAME)";
				SWIFT_EMIT_LOC_STRINGS = YES;
				SWIFT_VERSION = 5.0;
				TARGETED_DEVICE_FAMILY = "1,2";
			};
			name = Release;
		};
/* End XCBuildConfiguration section */

/* Begin XCConfigurationList section */
		EC6D800829C3C38900A6275C /* Build configuration list for PBXProject "LittleLemonApp" */ = {
			isa = XCConfigurationList;
			buildConfigurations = (
				EC6D801929C3C38A00A6275C /* Debug */,
				EC6D801A29C3C38A00A6275C /* Release */,
			);
			defaultConfigurationIsVisible = 0;
			defaultConfigurationName = Release;
		};
		EC6D801B29C3C38A00A6275C /* Build configuration list for PBXNativeTarget "LittleLemonApp" */ = {
			isa = XCConfigurationList;
			buildConfigurations = (
				EC6D801C29C3C38A00A6275C /* Debug */,
				EC6D801D29C3C38A00A6275C /* Release */,
			);
			defaultConfigurationIsVisible = 0;
			defaultConfigurationName = Release;
		};
/* End XCConfigurationList section */

/* Begin XCVersionGroup section */
		ECDA126A29CB8C2D00E4BDCB /* ExampleDatabase.xcdatamodeld */ = {
			isa = XCVersionGroup;
			children = (
				ECDA126B29CB8C2D00E4BDCB /* ExampleDatabase.xcdatamodel */,
			);
			currentVersion = ECDA126B29CB8C2D00E4BDCB /* ExampleDatabase.xcdatamodel */;
			path = ExampleDatabase.xcdatamodeld;
			sourceTree = "<group>";
			versionGroupType = wrapper.xcdatamodel;
		};
/* End XCVersionGroup section */
	};
	rootObject = EC6D800529C3C38900A6275C /* Project object */;
}
